
Microsoft Visual Studio Solution File, Format Version 12.00
# Visual Studio Version 17
VisualStudioVersion = 17.13.35825.156 d17.13
MinimumVisualStudioVersion = 10.0.40219.1
Project("{FAE04EC0-301F-11D3-BF4B-00C04F79EFBC}") = "Piette-Rob-A3-DungeonHopper", "Piette-Rob-A3-DungeonHopper.csproj", "{433E5941-A13F-4057-B75F-5B5CCC05AE18}"
EndProject
Global
	GlobalSection(SolutionConfigurationPlatforms) = preSolution
		Debug|Any CPU = Debug|Any CPU
		Release|Any CPU = Release|Any CPU
	EndGlobalSection
	GlobalSection(ProjectConfigurationPlatforms) = postSolution
		{433E5941-A13F-4057-B75F-5B5CCC05AE18}.Debug|Any CPU.ActiveCfg = Debug|Any CPU
		{433E5941-A13F-4057-B75F-5B5CCC05AE18}.Debug|Any CPU.Build.0 = Debug|Any CPU
		{433E5941-A13F-4057-B75F-5B5CCC05AE18}.Release|Any CPU.ActiveCfg = Release|Any CPU
		{433E5941-A13F-4057-B75F-5B5CCC05AE18}.Release|Any CPU.Build.0 = Release|Any CPU
	EndGlobalSection
	GlobalSection(SolutionProperties) = preSolution
		HideSolutionNode = FALSE
	EndGlobalSection
	GlobalSection(ExtensibilityGlobals) = postSolution
		SolutionGuid = {A8088415-8389-4519-B62F-15BA16FB1E8B}
	EndGlobalSection
EndGlobal
